// !$*UTF8*$!
{
	archiveVersion = 1;
	classes = {
	};
	objectVersion = 77;
	objects = {

/* Begin PBXBuildFile section */
		0FE1F3A39A47CE24420DD1DB /* KeychainVoiceprintLifecycleDeviceTests.swift in Sources */ = {isa = PBXBuildFile; fileRef = 2C05C2A382EB581D54206777 /* KeychainVoiceprintLifecycleDeviceTests.swift */; };
		1D643D124B98C8C94DD79C95 /* TadaWordsApp.swift in Sources */ = {isa = PBXBuildFile; fileRef = CA0C975618AD883EE0E444E4 /* TadaWordsApp.swift */; };
		1E30837B4C4FF5ED3BAE7ADE /* TadaWordsGuardianFeatures in Frameworks */ = {isa = PBXBuildFile; productRef = B2D9364AA66F50619BE5DE69 /* TadaWordsGuardianFeatures */; };
		401FFD48820696E1C8D747CB /* TadaWordsContent in Frameworks */ = {isa = PBXBuildFile; productRef = 7F52FDE6A87438A182CCFEFA /* TadaWordsContent */; };
		474E29E4EADF755F4991D9C0 /* TadaWordsDomain in Frameworks */ = {isa = PBXBuildFile; productRef = D43FE3D272CB7EE374C69AA8 /* TadaWordsDomain */; };
		4A4C9DC8AC4380DF7179554C /* TadaWordsDomain in Frameworks */ = {isa = PBXBuildFile; productRef = C50445A205350455B5F67E1B /* TadaWordsDomain */; };
		507F6845BA6B4A18F40B5890 /* TadaWordsAppShell in Frameworks */ = {isa = PBXBuildFile; productRef = 8815CF529824D7C45AE14EB4 /* TadaWordsAppShell */; };
		55C4578F56BE5F3355E0C926 /* PersistenceSchemaCompatibility.json in Resources */ = {isa = PBXBuildFile; fileRef = 5E2B0B9B2C6B662DF6B7A976 /* PersistenceSchemaCompatibility.json */; };
		5955B8F78E99945C6D4ACF5A /* TadaWordsDomain in Frameworks */ = {isa = PBXBuildFile; productRef = 4FBEF93D54D488226E3D5BCE /* TadaWordsDomain */; };
		6E9734C12B875E773F50C8C4 /* TadaWordsApplePlatform in Frameworks */ = {isa = PBXBuildFile; productRef = BE11A3E6BECC4D3FF3315ABA /* TadaWordsApplePlatform */; };
		71D25A238F262C7EAEEF2CD7 /* TadaWordsAppDelegate.swift in Sources */ = {isa = PBXBuildFile; fileRef = DBEA4AF2C697B1FD9197C0CF /* TadaWordsAppDelegate.swift */; };
		7314137DCDCBE0F40A11F5A1 /* TadaWordsFamilySyncUITests.swift in Sources */ = {isa = PBXBuildFile; fileRef = 8C85BBB8B06DA261C62B5398 /* TadaWordsFamilySyncUITests.swift */; };
		87FF374D64B99F185D27E08D /* PrivacyInfo.xcprivacy in Resources */ = {isa = PBXBuildFile; fileRef = B08D5E6984A29CBBE4D69349 /* PrivacyInfo.xcprivacy */; };
		89CB735769E6292681E2BD8D /* GuardianPhotoEditorTests.swift in Sources */ = {isa = PBXBuildFile; fileRef = 3544B7A11CC6775BE2C8DC3F /* GuardianPhotoEditorTests.swift */; };
		A386DBE4FDF2BF7EB421904B /* AppleHandwritingDeviceTests.swift in Sources */ = {isa = PBXBuildFile; fileRef = E7AADE328AE4351EFD995ADF /* AppleHandwritingDeviceTests.swift */; };
		B6CD79B2280D54EDB144D04A /* TadaWordsCriticalFlowUITests.swift in Sources */ = {isa = PBXBuildFile; fileRef = 812EA8534B10F69E4E2169FF /* TadaWordsCriticalFlowUITests.swift */; };
		CE7F1782427D1CC34B094A1A /* TadaWordsApplePlatform in Frameworks */ = {isa = PBXBuildFile; productRef = 16A4C560E68B0CA50A3962DA /* TadaWordsApplePlatform */; };
		EB84E2721515AF6AC14B8B45 /* FamilySyncSimulatorTestSupport.swift in Sources */ = {isa = PBXBuildFile; fileRef = 3CB801DBC532A0987AE32FE0 /* FamilySyncSimulatorTestSupport.swift */; };
		F241D33536B52C343A929BDC /* Assets.xcassets in Resources */ = {isa = PBXBuildFile; fileRef = 48AC9F95D72A19D6CCCB9EDB /* Assets.xcassets */; };
/* End PBXBuildFile section */

/* Begin PBXContainerItemProxy section */
		011F16B23E7ADAD02B2D9622 /* PBXContainerItemProxy */ = {
			isa = PBXContainerItemProxy;
			containerPortal = 2B03CDCD07C11B0354BBDB13 /* Project object */;
			proxyType = 1;
			remoteGlobalIDString = 7324B700CEC4BF219B75AA40;
			remoteInfo = TadaWords;
		};
		045782E932C72847E8CED580 /* PBXContainerItemProxy */ = {
			isa = PBXContainerItemProxy;
			containerPortal = 2B03CDCD07C11B0354BBDB13 /* Project object */;
			proxyType = 1;
			remoteGlobalIDString = 7324B700CEC4BF219B75AA40;
			remoteInfo = TadaWords;
		};
/* End PBXContainerItemProxy section */

/* Begin PBXFileReference section */
		2C05C2A382EB581D54206777 /* KeychainVoiceprintLifecycleDeviceTests.swift */ = {isa = PBXFileReference; lastKnownFileType = sourcecode.swift; path = KeychainVoiceprintLifecycleDeviceTests.swift; sourceTree = "<group>"; };
		2D38641F28EC2496EB5E8069 /* TadaWordsUITests.xctest */ = {isa = PBXFileReference; includeInIndex = 0; lastKnownFileType = wrapper.cfbundle; path = TadaWordsUITests.xctest; sourceTree = BUILT_PRODUCTS_DIR; };
		2EC8CCCE17C695729545B545 /* TadaWordsDeviceTests.xctest */ = {isa = PBXFileReference; includeInIndex = 0; lastKnownFileType = wrapper.cfbundle; path = TadaWordsDeviceTests.xctest; sourceTree = BUILT_PRODUCTS_DIR; };
		3544B7A11CC6775BE2C8DC3F /* GuardianPhotoEditorTests.swift */ = {isa = PBXFileReference; lastKnownFileType = sourcecode.swift; path = GuardianPhotoEditorTests.swift; sourceTree = "<group>"; };
		3CB801DBC532A0987AE32FE0 /* FamilySyncSimulatorTestSupport.swift */ = {isa = PBXFileReference; lastKnownFileType = sourcecode.swift; path = FamilySyncSimulatorTestSupport.swift; sourceTree = "<group>"; };
		48AC9F95D72A19D6CCCB9EDB /* Assets.xcassets */ = {isa = PBXFileReference; lastKnownFileType = folder.assetcatalog; path = Assets.xcassets; sourceTree = "<group>"; };
		5E2B0B9B2C6B662DF6B7A976 /* PersistenceSchemaCompatibility.json */ = {isa = PBXFileReference; lastKnownFileType = text.json; path = PersistenceSchemaCompatibility.json; sourceTree = "<group>"; };
		5FC096A7EC9928A79B370330 /* TadaWordsLocalQA.entitlements */ = {isa = PBXFileReference; lastKnownFileType = text.plist.entitlements; path = TadaWordsLocalQA.entitlements; sourceTree = "<group>"; };
		7E606E231BC91D0F6148BB0C /* Info.plist */ = {isa = PBXFileReference; lastKnownFileType = text.plist; path = Info.plist; sourceTree = "<group>"; };
		812EA8534B10F69E4E2169FF /* TadaWordsCriticalFlowUITests.swift */ = {isa = PBXFileReference; lastKnownFileType = sourcecode.swift; path = TadaWordsCriticalFlowUITests.swift; sourceTree = "<group>"; };
		8C85BBB8B06DA261C62B5398 /* TadaWordsFamilySyncUITests.swift */ = {isa = PBXFileReference; lastKnownFileType = sourcecode.swift; path = TadaWordsFamilySyncUITests.swift; sourceTree = "<group>"; };
		8FC055EE962E853CEC0DFBEC /* TadaWords.entitlements */ = {isa = PBXFileReference; lastKnownFileType = text.plist.entitlements; path = TadaWords.entitlements; sourceTree = "<group>"; };
		ADF5058F6A89AE36C0B071D8 /* Tada Words */ = {isa = PBXFileReference; lastKnownFileType = folder; name = "Tada Words"; path = .; sourceTree = SOURCE_ROOT; };
		B08D5E6984A29CBBE4D69349 /* PrivacyInfo.xcprivacy */ = {isa = PBXFileReference; path = PrivacyInfo.xcprivacy; sourceTree = "<group>"; };
		B14A3659BF0B5955EA3A939A /* InfoDebug.plist */ = {isa = PBXFileReference; lastKnownFileType = text.plist; path = InfoDebug.plist; sourceTree = "<group>"; };
		B328DA329096362FEE9C4A5A /* TadaWordsPhotoEditorTests.xctest */ = {isa = PBXFileReference; includeInIndex = 0; lastKnownFileType = wrapper.cfbundle; path = TadaWordsPhotoEditorTests.xctest; sourceTree = BUILT_PRODUCTS_DIR; };
		CA0C975618AD883EE0E444E4 /* TadaWordsApp.swift */ = {isa = PBXFileReference; lastKnownFileType = sourcecode.swift; path = TadaWordsApp.swift; sourceTree = "<group>"; };
		DA0C94788DA19C566F474CB1 /* Tada Words.app */ = {isa = PBXFileReference; includeInIndex = 0; lastKnownFileType = wrapper.application; path = "Tada Words.app"; sourceTree = BUILT_PRODUCTS_DIR; };
		DBEA4AF2C697B1FD9197C0CF /* TadaWordsAppDelegate.swift */ = {isa = PBXFileReference; lastKnownFileType = sourcecode.swift; path = TadaWordsAppDelegate.swift; sourceTree = "<group>"; };
		E7AADE328AE4351EFD995ADF /* AppleHandwritingDeviceTests.swift */ = {isa = PBXFileReference; lastKnownFileType = sourcecode.swift; path = AppleHandwritingDeviceTests.swift; sourceTree = "<group>"; };
/* End PBXFileReference section */

/* Begin PBXFrameworksBuildPhase section */
		0175A2F474A4C36F2F04D5D1 /* Frameworks */ = {
			isa = PBXFrameworksBuildPhase;
			buildActionMask = 2147483647;
			files = (
				507F6845BA6B4A18F40B5890 /* TadaWordsAppShell in Frameworks */,
				6E9734C12B875E773F50C8C4 /* TadaWordsApplePlatform in Frameworks */,
				4A4C9DC8AC4380DF7179554C /* TadaWordsDomain in Frameworks */,
				401FFD48820696E1C8D747CB /* TadaWordsContent in Frameworks */,
			);
			runOnlyForDeploymentPostprocessing = 0;
		};
		08F5E1D50571CBB9CA3EB205 /* Frameworks */ = {
			isa = PBXFrameworksBuildPhase;
			buildActionMask = 2147483647;
			files = (
				1E30837B4C4FF5ED3BAE7ADE /* TadaWordsGuardianFeatures in Frameworks */,
				5955B8F78E99945C6D4ACF5A /* TadaWordsDomain in Frameworks */,
			);
			runOnlyForDeploymentPostprocessing = 0;
		};
		64ADFEDA67F9CA040A4F9555 /* Frameworks */ = {
			isa = PBXFrameworksBuildPhase;
			buildActionMask = 2147483647;
			files = (
				CE7F1782427D1CC34B094A1A /* TadaWordsApplePlatform in Frameworks */,
				474E29E4EADF755F4991D9C0 /* TadaWordsDomain in Frameworks */,
			);
			runOnlyForDeploymentPostprocessing = 0;
		};
/* End PBXFrameworksBuildPhase section */

/* Begin PBXGroup section */
		1E447743871AA4789AB2E151 /* TadaWordsApp */ = {
			isa = PBXGroup;
			children = (
				48AC9F95D72A19D6CCCB9EDB /* Assets.xcassets */,
				3CB801DBC532A0987AE32FE0 /* FamilySyncSimulatorTestSupport.swift */,
				7E606E231BC91D0F6148BB0C /* Info.plist */,
				B14A3659BF0B5955EA3A939A /* InfoDebug.plist */,
				5E2B0B9B2C6B662DF6B7A976 /* PersistenceSchemaCompatibility.json */,
				B08D5E6984A29CBBE4D69349 /* PrivacyInfo.xcprivacy */,
				8FC055EE962E853CEC0DFBEC /* TadaWords.entitlements */,
				CA0C975618AD883EE0E444E4 /* TadaWordsApp.swift */,
				DBEA4AF2C697B1FD9197C0CF /* TadaWordsAppDelegate.swift */,
				5FC096A7EC9928A79B370330 /* TadaWordsLocalQA.entitlements */,
			);
			name = TadaWordsApp;
			path = Apps/TadaWordsApp;
			sourceTree = "<group>";
		};
		57F0D651258700128F5D01FC = {
			isa = PBXGroup;
			children = (
				80F2871A72E2C2076D0A5FF6 /* Packages */,
				1E447743871AA4789AB2E151 /* TadaWordsApp */,
				6AA6CE16DA2328A19990CC83 /* TadaWordsDeviceTests */,
				7D494673448A511ED4447544 /* TadaWordsGuardianFeaturesTests */,
				B99B740C2F8957534C287BEB /* TadaWordsUITests */,
				F2ED07A44CDD7719E72669AC /* Products */,
			);
			sourceTree = "<group>";
		};
		6AA6CE16DA2328A19990CC83 /* TadaWordsDeviceTests */ = {
			isa = PBXGroup;
			children = (
				E7AADE328AE4351EFD995ADF /* AppleHandwritingDeviceTests.swift */,
				2C05C2A382EB581D54206777 /* KeychainVoiceprintLifecycleDeviceTests.swift */,
			);
			name = TadaWordsDeviceTests;
			path = Tests/TadaWordsDeviceTests;
			sourceTree = "<group>";
		};
		7D494673448A511ED4447544 /* TadaWordsGuardianFeaturesTests */ = {
			isa = PBXGroup;
			children = (
				3544B7A11CC6775BE2C8DC3F /* GuardianPhotoEditorTests.swift */,
			);
			name = TadaWordsGuardianFeaturesTests;
			path = Tests/TadaWordsGuardianFeaturesTests;
			sourceTree = "<group>";
		};
		80F2871A72E2C2076D0A5FF6 /* Packages */ = {
			isa = PBXGroup;
			children = (
				ADF5058F6A89AE36C0B071D8 /* Tada Words */,
			);
			name = Packages;
			sourceTree = "<group>";
		};
		B99B740C2F8957534C287BEB /* TadaWordsUITests */ = {
			isa = PBXGroup;
			children = (
				812EA8534B10F69E4E2169FF /* TadaWordsCriticalFlowUITests.swift */,
				8C85BBB8B06DA261C62B5398 /* TadaWordsFamilySyncUITests.swift */,
			);
			name = TadaWordsUITests;
			path = Tests/TadaWordsUITests;
			sourceTree = "<group>";
		};
		F2ED07A44CDD7719E72669AC /* Products */ = {
			isa = PBXGroup;
			children = (
				DA0C94788DA19C566F474CB1 /* Tada Words.app */,
				2EC8CCCE17C695729545B545 /* TadaWordsDeviceTests.xctest */,
				B328DA329096362FEE9C4A5A /* TadaWordsPhotoEditorTests.xctest */,
				2D38641F28EC2496EB5E8069 /* TadaWordsUITests.xctest */,
			);
			name = Products;
			sourceTree = "<group>";
		};
/* End PBXGroup section */

/* Begin PBXNativeTarget section */
		12FE8F1C348973A1CBCC3116 /* TadaWordsDeviceTests */ = {
			isa = PBXNativeTarget;
			buildConfigurationList = 6E5BBF99E98672CC90B0FD1F /* Build configuration list for PBXNativeTarget "TadaWordsDeviceTests" */;
			buildPhases = (
				C1F65CB3350C75B1270AF73E /* Sources */,
				64ADFEDA67F9CA040A4F9555 /* Frameworks */,
			);
			buildRules = (
			);
			dependencies = (
				99384C8559DA44B8C795AEC5 /* PBXTargetDependency */,
			);
			name = TadaWordsDeviceTests;
			packageProductDependencies = (
				16A4C560E68B0CA50A3962DA /* TadaWordsApplePlatform */,
				D43FE3D272CB7EE374C69AA8 /* TadaWordsDomain */,
			);
			productName = TadaWordsDeviceTests;
			productReference = 2EC8CCCE17C695729545B545 /* TadaWordsDeviceTests.xctest */;
			productType = "com.apple.product-type.bundle.unit-test";
		};
		55403B90D55E4C888DCC9B0A /* TadaWordsUITests */ = {
			isa = PBXNativeTarget;
			buildConfigurationList = 7C06697389E09F42DE9C5453 /* Build configuration list for PBXNativeTarget "TadaWordsUITests" */;
			buildPhases = (
				E3AD012AAF20F2E88D8483D7 /* Sources */,
			);
			buildRules = (
			);
			dependencies = (
				36BADC1F5D3F054D05C4C9A9 /* PBXTargetDependency */,
			);
			name = TadaWordsUITests;
			packageProductDependencies = (
			);
			productName = TadaWordsUITests;
			productReference = 2D38641F28EC2496EB5E8069 /* TadaWordsUITests.xctest */;
			productType = "com.apple.product-type.bundle.ui-testing";
		};
		7324B700CEC4BF219B75AA40 /* TadaWords */ = {
			isa = PBXNativeTarget;
			buildConfigurationList = 7B549D270D7DCBA25402D384 /* Build configuration list for PBXNativeTarget "TadaWords" */;
			buildPhases = (
				1D90BFF12B23F8029171D893 /* Sources */,
				47D8D8C76035138CEF87C947 /* Resources */,
				0175A2F474A4C36F2F04D5D1 /* Frameworks */,
			);
			buildRules = (
			);
			dependencies = (
			);
			name = TadaWords;
			packageProductDependencies = (
				8815CF529824D7C45AE14EB4 /* TadaWordsAppShell */,
				BE11A3E6BECC4D3FF3315ABA /* TadaWordsApplePlatform */,
				C50445A205350455B5F67E1B /* TadaWordsDomain */,
				7F52FDE6A87438A182CCFEFA /* TadaWordsContent */,
			);
			productName = TadaWords;
			productReference = DA0C94788DA19C566F474CB1 /* Tada Words.app */;
			productType = "com.apple.product-type.application";
		};
		D5723777D1F69D97AE9FE44E /* TadaWordsPhotoEditorTests */ = {
			isa = PBXNativeTarget;
			buildConfigurationList = 9B1AE788F4C47A5C56627C75 /* Build configuration list for PBXNativeTarget "TadaWordsPhotoEditorTests" */;
			buildPhases = (
				B34D3EE74ADD3E19F58045EE /* Sources */,
				08F5E1D50571CBB9CA3EB205 /* Frameworks */,
			);
			buildRules = (
			);
			dependencies = (
			);
			name = TadaWordsPhotoEditorTests;
			packageProductDependencies = (
				B2D9364AA66F50619BE5DE69 /* TadaWordsGuardianFeatures */,
				4FBEF93D54D488226E3D5BCE /* TadaWordsDomain */,
			);
			productName = TadaWordsPhotoEditorTests;
			productReference = B328DA329096362FEE9C4A5A /* TadaWordsPhotoEditorTests.xctest */;
			productType = "com.apple.product-type.bundle.unit-test";
		};
/* End PBXNativeTarget section */

/* Begin PBXProject section */
		2B03CDCD07C11B0354BBDB13 /* Project object */ = {
			isa = PBXProject;
			attributes = {
				BuildIndependentTargetsInParallel = YES;
				LastUpgradeCheck = 1430;
				TargetAttributes = {
					12FE8F1C348973A1CBCC3116 = {
						ProvisioningStyle = Automatic;
					};
					55403B90D55E4C888DCC9B0A = {
						TestTargetID = 7324B700CEC4BF219B75AA40;
					};
					7324B700CEC4BF219B75AA40 = {
						ProvisioningStyle = Automatic;
					};
				};
			};
			buildConfigurationList = 5ADA5382AFF9ACBCA820DE3C /* Build configuration list for PBXProject "TadaWords" */;
			developmentRegion = en;
			hasScannedForEncodings = 0;
			knownRegions = (
				Base,
				en,
			);
			mainGroup = 57F0D651258700128F5D01FC;
			minimizedProjectReferenceProxies = 1;
			packageReferences = (
				3811531402DBDF056BB217A1 /* XCLocalSwiftPackageReference "." */,
			);
			preferredProjectObjectVersion = 77;
			productRefGroup = F2ED07A44CDD7719E72669AC /* Products */;
			projectDirPath = "";
			projectRoot = "";
			targets = (
				7324B700CEC4BF219B75AA40 /* TadaWords */,
				12FE8F1C348973A1CBCC3116 /* TadaWordsDeviceTests */,
				D5723777D1F69D97AE9FE44E /* TadaWordsPhotoEditorTests */,
				55403B90D55E4C888DCC9B0A /* TadaWordsUITests */,
			);
		};
/* End PBXProject section */

/* Begin PBXResourcesBuildPhase section */
		47D8D8C76035138CEF87C947 /* Resources */ = {
			isa = PBXResourcesBuildPhase;
			buildActionMask = 2147483647;
			files = (
				F241D33536B52C343A929BDC /* Assets.xcassets in Resources */,
				55C4578F56BE5F3355E0C926 /* PersistenceSchemaCompatibility.json in Resources */,
				87FF374D64B99F185D27E08D /* PrivacyInfo.xcprivacy in Resources */,
			);
			runOnlyForDeploymentPostprocessing = 0;
		};
/* End PBXResourcesBuildPhase section */

/* Begin PBXSourcesBuildPhase section */
		1D90BFF12B23F8029171D893 /* Sources */ = {
			isa = PBXSourcesBuildPhase;
			buildActionMask = 2147483647;
			files = (
				EB84E2721515AF6AC14B8B45 /* FamilySyncSimulatorTestSupport.swift in Sources */,
				1D643D124B98C8C94DD79C95 /* TadaWordsApp.swift in Sources */,
				71D25A238F262C7EAEEF2CD7 /* TadaWordsAppDelegate.swift in Sources */,
			);
			runOnlyForDeploymentPostprocessing = 0;
		};
		B34D3EE74ADD3E19F58045EE /* Sources */ = {
			isa = PBXSourcesBuildPhase;
			buildActionMask = 2147483647;
			files = (
				89CB735769E6292681E2BD8D /* GuardianPhotoEditorTests.swift in Sources */,
			);
			runOnlyForDeploymentPostprocessing = 0;
		};
		C1F65CB3350C75B1270AF73E /* Sources */ = {
			isa = PBXSourcesBuildPhase;
			buildActionMask = 2147483647;
			files = (
				A386DBE4FDF2BF7EB421904B /* AppleHandwritingDeviceTests.swift in Sources */,
				0FE1F3A39A47CE24420DD1DB /* KeychainVoiceprintLifecycleDeviceTests.swift in Sources */,
			);
			runOnlyForDeploymentPostprocessing = 0;
		};
		E3AD012AAF20F2E88D8483D7 /* Sources */ = {
			isa = PBXSourcesBuildPhase;
			buildActionMask = 2147483647;
			files = (
				B6CD79B2280D54EDB144D04A /* TadaWordsCriticalFlowUITests.swift in Sources */,
				7314137DCDCBE0F40A11F5A1 /* TadaWordsFamilySyncUITests.swift in Sources */,
			);
			runOnlyForDeploymentPostprocessing = 0;
		};
/* End PBXSourcesBuildPhase section */

/* Begin PBXTargetDependency section */
		36BADC1F5D3F054D05C4C9A9 /* PBXTargetDependency */ = {
			isa = PBXTargetDependency;
			target = 7324B700CEC4BF219B75AA40 /* TadaWords */;
			targetProxy = 045782E932C72847E8CED580 /* PBXContainerItemProxy */;
		};
		99384C8559DA44B8C795AEC5 /* PBXTargetDependency */ = {
			isa = PBXTargetDependency;
			target = 7324B700CEC4BF219B75AA40 /* TadaWords */;
			targetProxy = 011F16B23E7ADAD02B2D9622 /* PBXContainerItemProxy */;
		};
/* End PBXTargetDependency section */

/* Begin XCBuildConfiguration section */
		0092FE4D5D02E288E0A53499 /* LocalQA */ = {
			isa = XCBuildConfiguration;
			buildSettings = {
				BUNDLE_LOADER = "$(TEST_HOST)";
				GENERATE_INFOPLIST_FILE = YES;
				LD_RUNPATH_SEARCH_PATHS = (
					"$(inherited)",
					"@executable_path/Frameworks",
					"@loader_path/Frameworks",
				);
				PRODUCT_BUNDLE_IDENTIFIER = com.tadawords.app.uitests;
				SDKROOT = iphoneos;
				TARGETED_DEVICE_FAMILY = "1,2";
				TEST_TARGET_NAME = TadaWords;
			};
			name = LocalQA;
		};
		16A7356F0E913A339A90C7DF /* Release */ = {
			isa = XCBuildConfiguration;
			buildSettings = {
				BUNDLE_LOADER = "$(TEST_HOST)";
				CODE_SIGN_STYLE = Automatic;
				GENERATE_INFOPLIST_FILE = YES;
				LD_RUNPATH_SEARCH_PATHS = (
					"$(inherited)",
					"@executable_path/Frameworks",
					"@loader_path/Frameworks",
				);
				PRODUCT_BUNDLE_IDENTIFIER = com.tadawords.app.devicetests;
				SDKROOT = iphoneos;
				TARGETED_DEVICE_FAMILY = "1,2";
				TEST_HOST = "$(BUILT_PRODUCTS_DIR)/Tada Words.app/Tada Words";
			};
			name = Release;
		};
		179F9C16784ED641CA7B56ED /* LocalQA */ = {
			isa = XCBuildConfiguration;
			buildSettings = {
				ALWAYS_SEARCH_USER_PATHS = NO;
				CLANG_ANALYZER_NONNULL = YES;
				CLANG_ANALYZER_NUMBER_OBJECT_CONVERSION = YES_AGGRESSIVE;
				CLANG_CXX_LANGUAGE_STANDARD = "gnu++14";
				CLANG_CXX_LIBRARY = "libc++";
				CLANG_ENABLE_MODULES = YES;
				CLANG_ENABLE_OBJC_ARC = YES;
				CLANG_ENABLE_OBJC_WEAK = YES;
				CLANG_WARN_BLOCK_CAPTURE_AUTORELEASING = YES;
				CLANG_WARN_BOOL_CONVERSION = YES;
				CLANG_WARN_COMMA = YES;
				CLANG_WARN_CONSTANT_CONVERSION = YES;
				CLANG_WARN_DEPRECATED_OBJC_IMPLEMENTATIONS = YES;
				CLANG_WARN_DIRECT_OBJC_ISA_USAGE = YES_ERROR;
				CLANG_WARN_DOCUMENTATION_COMMENTS = YES;
				CLANG_WARN_EMPTY_BODY = YES;
				CLANG_WARN_ENUM_CONVERSION = YES;
				CLANG_WARN_INFINITE_RECURSION = YES;
				CLANG_WARN_INT_CONVERSION = YES;
				CLANG_WARN_NON_LITERAL_NULL_CONVERSION = YES;
				CLANG_WARN_OBJC_IMPLICIT_RETAIN_SELF = YES;
				CLANG_WARN_OBJC_LITERAL_CONVERSION = YES;
				CLANG_WARN_OBJC_ROOT_CLASS = YES_ERROR;
				CLANG_WARN_QUOTED_INCLUDE_IN_FRAMEWORK_HEADER = YES;
				CLANG_WARN_RANGE_LOOP_ANALYSIS = YES;
				CLANG_WARN_STRICT_PROTOTYPES = YES;
				CLANG_WARN_SUSPICIOUS_MOVE = YES;
				CLANG_WARN_UNGUARDED_AVAILABILITY = YES_AGGRESSIVE;
				CLANG_WARN_UNREACHABLE_CODE = YES;
				CLANG_WARN__DUPLICATE_METHOD_MATCH = YES;
				COPY_PHASE_STRIP = NO;
				DEBUG_INFORMATION_FORMAT = dwarf;
				ENABLE_STRICT_OBJC_MSGSEND = YES;
				ENABLE_TESTABILITY = YES;
				ENABLE_USER_SCRIPT_SANDBOXING = YES;
				GCC_C_LANGUAGE_STANDARD = gnu11;
				GCC_DYNAMIC_NO_PIC = NO;
				GCC_NO_COMMON_BLOCKS = YES;
				GCC_OPTIMIZATION_LEVEL = 0;
				GCC_PREPROCESSOR_DEFINITIONS = (
					"$(inherited)",
					"DEBUG=1",
				);
				GCC_WARN_64_TO_32_BIT_CONVERSION = YES;
				GCC_WARN_ABOUT_RETURN_TYPE = YES_ERROR;
				GCC_WARN_UNDECLARED_SELECTOR = YES;
				GCC_WARN_UNINITIALIZED_AUTOS = YES_AGGRESSIVE;
				GCC_WARN_UNUSED_FUNCTION = YES;
				GCC_WARN_UNUSED_VARIABLE = YES;
				IPHONEOS_DEPLOYMENT_TARGET = 18.0;
				MTL_ENABLE_DEBUG_INFO = INCLUDE_SOURCE;
				MTL_FAST_MATH = YES;
				ONLY_ACTIVE_ARCH = YES;
				PRODUCT_NAME = "$(TARGET_NAME)";
				SDKROOT = iphoneos;
				SWIFT_ACTIVE_COMPILATION_CONDITIONS = DEBUG;
				SWIFT_OPTIMIZATION_LEVEL = "-Onone";
				SWIFT_VERSION = 6.0;
			};
			name = LocalQA;
		};
		423169453BC7474264E771A2 /* Debug */ = {
			isa = XCBuildConfiguration;
			buildSettings = {
				ALWAYS_SEARCH_USER_PATHS = NO;
				CLANG_ANALYZER_NONNULL = YES;
				CLANG_ANALYZER_NUMBER_OBJECT_CONVERSION = YES_AGGRESSIVE;
				CLANG_CXX_LANGUAGE_STANDARD = "gnu++14";
				CLANG_CXX_LIBRARY = "libc++";
				CLANG_ENABLE_MODULES = YES;
				CLANG_ENABLE_OBJC_ARC = YES;
				CLANG_ENABLE_OBJC_WEAK = YES;
				CLANG_WARN_BLOCK_CAPTURE_AUTORELEASING = YES;
				CLANG_WARN_BOOL_CONVERSION = YES;
				CLANG_WARN_COMMA = YES;
				CLANG_WARN_CONSTANT_CONVERSION = YES;
				CLANG_WARN_DEPRECATED_OBJC_IMPLEMENTATIONS = YES;
				CLANG_WARN_DIRECT_OBJC_ISA_USAGE = YES_ERROR;
				CLANG_WARN_DOCUMENTATION_COMMENTS = YES;
				CLANG_WARN_EMPTY_BODY = YES;
				CLANG_WARN_ENUM_CONVERSION = YES;
				CLANG_WARN_INFINITE_RECURSION = YES;
				CLANG_WARN_INT_CONVERSION = YES;
				CLANG_WARN_NON_LITERAL_NULL_CONVERSION = YES;
				CLANG_WARN_OBJC_IMPLICIT_RETAIN_SELF = YES;
				CLANG_WARN_OBJC_LITERAL_CONVERSION = YES;
				CLANG_WARN_OBJC_ROOT_CLASS = YES_ERROR;
				CLANG_WARN_QUOTED_INCLUDE_IN_FRAMEWORK_HEADER = YES;
				CLANG_WARN_RANGE_LOOP_ANALYSIS = YES;
				CLANG_WARN_STRICT_PROTOTYPES = YES;
				CLANG_WARN_SUSPICIOUS_MOVE = YES;
				CLANG_WARN_UNGUARDED_AVAILABILITY = YES_AGGRESSIVE;
				CLANG_WARN_UNREACHABLE_CODE = YES;
				CLANG_WARN__DUPLICATE_METHOD_MATCH = YES;
				COPY_PHASE_STRIP = NO;
				DEBUG_INFORMATION_FORMAT = dwarf;
				ENABLE_STRICT_OBJC_MSGSEND = YES;
				ENABLE_TESTABILITY = YES;
				ENABLE_USER_SCRIPT_SANDBOXING = YES;
				GCC_C_LANGUAGE_STANDARD = gnu11;
				GCC_DYNAMIC_NO_PIC = NO;
				GCC_NO_COMMON_BLOCKS = YES;
				GCC_OPTIMIZATION_LEVEL = 0;
				GCC_PREPROCESSOR_DEFINITIONS = (
					"$(inherited)",
					"DEBUG=1",
				);
				GCC_WARN_64_TO_32_BIT_CONVERSION = YES;
				GCC_WARN_ABOUT_RETURN_TYPE = YES_ERROR;
				GCC_WARN_UNDECLARED_SELECTOR = YES;
				GCC_WARN_UNINITIALIZED_AUTOS = YES_AGGRESSIVE;
				GCC_WARN_UNUSED_FUNCTION = YES;
				GCC_WARN_UNUSED_VARIABLE = YES;
				IPHONEOS_DEPLOYMENT_TARGET = 18.0;
				MTL_ENABLE_DEBUG_INFO = INCLUDE_SOURCE;
				MTL_FAST_MATH = YES;
				ONLY_ACTIVE_ARCH = YES;
				PRODUCT_NAME = "$(TARGET_NAME)";
				SDKROOT = iphoneos;
				SWIFT_ACTIVE_COMPILATION_CONDITIONS = DEBUG;
				SWIFT_OPTIMIZATION_LEVEL = "-Onone";
				SWIFT_VERSION = 6.0;
			};
			name = Debug;
		};
		54EC51120D362C47ABC336BC /* Debug */ = {
			isa = XCBuildConfiguration;
			buildSettings = {
				BUNDLE_LOADER = "$(TEST_HOST)";
				DEVELOPMENT_TEAM = 7R78Q4HP86;
				GENERATE_INFOPLIST_FILE = YES;
				LD_RUNPATH_SEARCH_PATHS = (
					"$(inherited)",
					"@executable_path/Frameworks",
					"@loader_path/Frameworks",
				);
				PRODUCT_BUNDLE_IDENTIFIER = app.tadawords.app.uitests;
				SDKROOT = iphoneos;
				TARGETED_DEVICE_FAMILY = "1,2";
				TEST_TARGET_NAME = TadaWords;
			};
			name = Debug;
		};
		81C302AC485C1CAE7B87DC04 /* LocalQA */ = {
			isa = XCBuildConfiguration;
			buildSettings = {
				ASSETCATALOG_COMPILER_APPICON_NAME = AppIcon;
				ASSETCATALOG_COMPILER_GLOBAL_ACCENT_COLOR_NAME = AccentColor;
				CODE_SIGN_ENTITLEMENTS = Apps/TadaWordsApp/TadaWordsLocalQA.entitlements;
				CODE_SIGN_IDENTITY = "iPhone Developer";
				CODE_SIGN_STYLE = Automatic;
				CURRENT_PROJECT_VERSION = 2026072605;
				INFOPLIST_FILE = Apps/TadaWordsApp/InfoLocalQA.plist;
				LD_RUNPATH_SEARCH_PATHS = (
					"$(inherited)",
					"@executable_path/Frameworks",
				);
				MARKETING_VERSION = 0.7.51;
				PRODUCT_BUNDLE_IDENTIFIER = com.tadawords.app.localqa;
				PRODUCT_NAME = "Tada Words QA";
				SDKROOT = iphoneos;
				SUPPORTS_MACCATALYST = NO;
				SUPPORTS_MAC_DESIGNED_FOR_IPHONE_IPAD = NO;
				SWIFT_ACTIVE_COMPILATION_CONDITIONS = "$(inherited) LOCAL_DEVICE_QA";
				TADA_GIT_COMMIT = unknown;
				TARGETED_DEVICE_FAMILY = "1,2";
			};
			name = LocalQA;
		};
		8415680C215993AAB4D82AB9 /* Debug */ = {
			isa = XCBuildConfiguration;
			buildSettings = {
				BUNDLE_LOADER = "$(TEST_HOST)";
				GENERATE_INFOPLIST_FILE = YES;
				LD_RUNPATH_SEARCH_PATHS = (
					"$(inherited)",
					"@executable_path/Frameworks",
					"@loader_path/Frameworks",
				);
				PRODUCT_BUNDLE_IDENTIFIER = "app.tadawords.photo-editor-tests";
				SDKROOT = iphoneos;
				TARGETED_DEVICE_FAMILY = "1,2";
			};
			name = Debug;
		};
		88E470B5C3B1B11AF5D1C373 /* Release */ = {
			isa = XCBuildConfiguration;
			buildSettings = {
				BUNDLE_LOADER = "$(TEST_HOST)";
				DEVELOPMENT_TEAM = 7R78Q4HP86;
				GENERATE_INFOPLIST_FILE = YES;
				LD_RUNPATH_SEARCH_PATHS = (
					"$(inherited)",
					"@executable_path/Frameworks",
					"@loader_path/Frameworks",
				);
				PRODUCT_BUNDLE_IDENTIFIER = app.tadawords.app.uitests;
				SDKROOT = iphoneos;
				TARGETED_DEVICE_FAMILY = "1,2";
				TEST_TARGET_NAME = TadaWords;
			};
			name = Release;
		};
		960924C43AC52D0920D362BC /* Release */ = {
			isa = XCBuildConfiguration;
			buildSettings = {
				APP_ATTEST_ENVIRONMENT = production;
				APS_ENVIRONMENT = production;
				ASSETCATALOG_COMPILER_APPICON_NAME = AppIcon;
				ASSETCATALOG_COMPILER_GLOBAL_ACCENT_COLOR_NAME = AccentColor;
				CODE_SIGN_ENTITLEMENTS = Apps/TadaWordsApp/TadaWords.entitlements;
				CODE_SIGN_IDENTITY = "iPhone Developer";
				CODE_SIGN_STYLE = Automatic;
				CURRENT_PROJECT_VERSION = 2026072605;
				DEVELOPMENT_TEAM = 7R78Q4HP86;
				ICLOUD_CONTAINER_ENVIRONMENT = Production;
				INFOPLIST_FILE = Apps/TadaWordsApp/Info.plist;
				LD_RUNPATH_SEARCH_PATHS = (
					"$(inherited)",
					"@executable_path/Frameworks",
				);
				MARKETING_VERSION = 0.7.51;
				PRODUCT_BUNDLE_IDENTIFIER = app.tadawords.app;
				PRODUCT_NAME = "Tada Words";
				SDKROOT = iphoneos;
				SUPPORTS_MACCATALYST = NO;
				SUPPORTS_MAC_DESIGNED_FOR_IPHONE_IPAD = NO;
				TADA_GIT_COMMIT = unknown;
				TARGETED_DEVICE_FAMILY = "1,2";
			};
			name = Release;
		};
		9C32F586A526956A650753F6 /* LocalQA */ = {
			isa = XCBuildConfiguration;
			buildSettings = {
				BUNDLE_LOADER = "$(TEST_HOST)";
				GENERATE_INFOPLIST_FILE = YES;
				LD_RUNPATH_SEARCH_PATHS = (
					"$(inherited)",
					"@executable_path/Frameworks",
					"@loader_path/Frameworks",
				);
				PRODUCT_BUNDLE_IDENTIFIER = "app.tadawords.photo-editor-tests";
				SDKROOT = iphoneos;
				TARGETED_DEVICE_FAMILY = "1,2";
			};
			name = LocalQA;
		};
		B51FCDF510BBCE9DEFEC32A9 /* Debug */ = {
			isa = XCBuildConfiguration;
			buildSettings = {
				APP_ATTEST_ENVIRONMENT = development;
				APS_ENVIRONMENT = development;
				ASSETCATALOG_COMPILER_APPICON_NAME = AppIcon;
				ASSETCATALOG_COMPILER_GLOBAL_ACCENT_COLOR_NAME = AccentColor;
				CODE_SIGN_ENTITLEMENTS = Apps/TadaWordsApp/TadaWords.entitlements;
				CODE_SIGN_IDENTITY = "iPhone Developer";
				CODE_SIGN_STYLE = Automatic;
				CURRENT_PROJECT_VERSION = 2026072605;
				DEVELOPMENT_TEAM = 7R78Q4HP86;
				ICLOUD_CONTAINER_ENVIRONMENT = Development;
				INFOPLIST_FILE = Apps/TadaWordsApp/InfoDebug.plist;
				LD_RUNPATH_SEARCH_PATHS = (
					"$(inherited)",
					"@executable_path/Frameworks",
				);
				MARKETING_VERSION = 0.7.51;
				PRODUCT_BUNDLE_IDENTIFIER = app.tadawords.app;
				PRODUCT_NAME = "Tada Words";
				SDKROOT = iphoneos;
				SUPPORTS_MACCATALYST = NO;
				SUPPORTS_MAC_DESIGNED_FOR_IPHONE_IPAD = NO;
				TADA_GIT_COMMIT = unknown;
				TARGETED_DEVICE_FAMILY = "1,2";
			};
			name = Debug;
		};
		C25373032CAA19C2E86B2D8E /* Release */ = {
			isa = XCBuildConfiguration;
			buildSettings = {
				ALWAYS_SEARCH_USER_PATHS = NO;
				CLANG_ANALYZER_NONNULL = YES;
				CLANG_ANALYZER_NUMBER_OBJECT_CONVERSION = YES_AGGRESSIVE;
				CLANG_CXX_LANGUAGE_STANDARD = "gnu++14";
				CLANG_CXX_LIBRARY = "libc++";
				CLANG_ENABLE_MODULES = YES;
				CLANG_ENABLE_OBJC_ARC = YES;
				CLANG_ENABLE_OBJC_WEAK = YES;
				CLANG_WARN_BLOCK_CAPTURE_AUTORELEASING = YES;
				CLANG_WARN_BOOL_CONVERSION = YES;
				CLANG_WARN_COMMA = YES;
				CLANG_WARN_CONSTANT_CONVERSION = YES;
				CLANG_WARN_DEPRECATED_OBJC_IMPLEMENTATIONS = YES;
				CLANG_WARN_DIRECT_OBJC_ISA_USAGE = YES_ERROR;
				CLANG_WARN_DOCUMENTATION_COMMENTS = YES;
				CLANG_WARN_EMPTY_BODY = YES;
				CLANG_WARN_ENUM_CONVERSION = YES;
				CLANG_WARN_INFINITE_RECURSION = YES;
				CLANG_WARN_INT_CONVERSION = YES;
				CLANG_WARN_NON_LITERAL_NULL_CONVERSION = YES;
				CLANG_WARN_OBJC_IMPLICIT_RETAIN_SELF = YES;
				CLANG_WARN_OBJC_LITERAL_CONVERSION = YES;
				CLANG_WARN_OBJC_ROOT_CLASS = YES_ERROR;
				CLANG_WARN_QUOTED_INCLUDE_IN_FRAMEWORK_HEADER = YES;
				CLANG_WARN_RANGE_LOOP_ANALYSIS = YES;
				CLANG_WARN_STRICT_PROTOTYPES = YES;
				CLANG_WARN_SUSPICIOUS_MOVE = YES;
				CLANG_WARN_UNGUARDED_AVAILABILITY = YES_AGGRESSIVE;
				CLANG_WARN_UNREACHABLE_CODE = YES;
				CLANG_WARN__DUPLICATE_METHOD_MATCH = YES;
				COPY_PHASE_STRIP = NO;
				DEBUG_INFORMATION_FORMAT = "dwarf-with-dsym";
				ENABLE_NS_ASSERTIONS = NO;
				ENABLE_STRICT_OBJC_MSGSEND = YES;
				ENABLE_USER_SCRIPT_SANDBOXING = YES;
				GCC_C_LANGUAGE_STANDARD = gnu11;
				GCC_NO_COMMON_BLOCKS = YES;
				GCC_WARN_64_TO_32_BIT_CONVERSION = YES;
				GCC_WARN_ABOUT_RETURN_TYPE = YES_ERROR;
				GCC_WARN_UNDECLARED_SELECTOR = YES;
				GCC_WARN_UNINITIALIZED_AUTOS = YES_AGGRESSIVE;
				GCC_WARN_UNUSED_FUNCTION = YES;
				GCC_WARN_UNUSED_VARIABLE = YES;
				IPHONEOS_DEPLOYMENT_TARGET = 18.0;
				MTL_ENABLE_DEBUG_INFO = NO;
				MTL_FAST_MATH = YES;
				PRODUCT_NAME = "$(TARGET_NAME)";
				SDKROOT = iphoneos;
				SWIFT_COMPILATION_MODE = wholemodule;
				SWIFT_OPTIMIZATION_LEVEL = "-O";
				SWIFT_VERSION = 6.0;
			};
			name = Release;
		};
		C8C81B126E17D5483978480E /* Debug */ = {
			isa = XCBuildConfiguration;
			buildSettings = {
				BUNDLE_LOADER = "$(TEST_HOST)";
				CODE_SIGN_STYLE = Automatic;
				GENERATE_INFOPLIST_FILE = YES;
				LD_RUNPATH_SEARCH_PATHS = (
					"$(inherited)",
					"@executable_path/Frameworks",
					"@loader_path/Frameworks",
				);
				PRODUCT_BUNDLE_IDENTIFIER = com.tadawords.app.devicetests;
				SDKROOT = iphoneos;
				TARGETED_DEVICE_FAMILY = "1,2";
				TEST_HOST = "$(BUILT_PRODUCTS_DIR)/Tada Words.app/Tada Words";
			};
			name = Debug;
		};
		E1E5490CA0E75D761753A164 /* Release */ = {
			isa = XCBuildConfiguration;
			buildSettings = {
				BUNDLE_LOADER = "$(TEST_HOST)";
				GENERATE_INFOPLIST_FILE = YES;
				LD_RUNPATH_SEARCH_PATHS = (
					"$(inherited)",
					"@executable_path/Frameworks",
					"@loader_path/Frameworks",
				);
				PRODUCT_BUNDLE_IDENTIFIER = "app.tadawords.photo-editor-tests";
				SDKROOT = iphoneos;
				TARGETED_DEVICE_FAMILY = "1,2";
			};
			name = Release;
		};
		EA11993501A81446784E11D9 /* LocalQA */ = {
			isa = XCBuildConfiguration;
			buildSettings = {
				BUNDLE_LOADER = "$(TEST_HOST)";
				CODE_SIGN_STYLE = Automatic;
				GENERATE_INFOPLIST_FILE = YES;
				LD_RUNPATH_SEARCH_PATHS = (
					"$(inherited)",
					"@executable_path/Frameworks",
					"@loader_path/Frameworks",
				);
				PRODUCT_BUNDLE_IDENTIFIER = com.tadawords.app.devicetests;
				SDKROOT = iphoneos;
				TARGETED_DEVICE_FAMILY = "1,2";
				TEST_HOST = "$(BUILT_PRODUCTS_DIR)/Tada Words QA.app/Tada Words QA";
			};
			name = LocalQA;
		};
/* End XCBuildConfiguration section */

/* Begin XCConfigurationList section */
		5ADA5382AFF9ACBCA820DE3C /* Build configuration list for PBXProject "TadaWords" */ = {
			isa = XCConfigurationList;
			buildConfigurations = (
				423169453BC7474264E771A2 /* Debug */,
				179F9C16784ED641CA7B56ED /* LocalQA */,
				C25373032CAA19C2E86B2D8E /* Release */,
			);
			defaultConfigurationIsVisible = 0;
			defaultConfigurationName = Debug;
		};
		6E5BBF99E98672CC90B0FD1F /* Build configuration list for PBXNativeTarget "TadaWordsDeviceTests" */ = {
			isa = XCConfigurationList;
			buildConfigurations = (
				C8C81B126E17D5483978480E /* Debug */,
				EA11993501A81446784E11D9 /* LocalQA */,
				16A7356F0E913A339A90C7DF /* Release */,
			);
			defaultConfigurationIsVisible = 0;
			defaultConfigurationName = Debug;
		};
		7B549D270D7DCBA25402D384 /* Build configuration list for PBXNativeTarget "TadaWords" */ = {
			isa = XCConfigurationList;
			buildConfigurations = (
				B51FCDF510BBCE9DEFEC32A9 /* Debug */,
				81C302AC485C1CAE7B87DC04 /* LocalQA */,
				960924C43AC52D0920D362BC /* Release */,
			);
			defaultConfigurationIsVisible = 0;
			defaultConfigurationName = Debug;
		};
		7C06697389E09F42DE9C5453 /* Build configuration list for PBXNativeTarget "TadaWordsUITests" */ = {
			isa = XCConfigurationList;
			buildConfigurations = (
				54EC51120D362C47ABC336BC /* Debug */,
				0092FE4D5D02E288E0A53499 /* LocalQA */,
				88E470B5C3B1B11AF5D1C373 /* Release */,
			);
			defaultConfigurationIsVisible = 0;
			defaultConfigurationName = Debug;
		};
		9B1AE788F4C47A5C56627C75 /* Build configuration list for PBXNativeTarget "TadaWordsPhotoEditorTests" */ = {
			isa = XCConfigurationList;
			buildConfigurations = (
				8415680C215993AAB4D82AB9 /* Debug */,
				9C32F586A526956A650753F6 /* LocalQA */,
				E1E5490CA0E75D761753A164 /* Release */,
			);
			defaultConfigurationIsVisible = 0;
			defaultConfigurationName = Debug;
		};
/* End XCConfigurationList section */

/* Begin XCLocalSwiftPackageReference section */
		3811531402DBDF056BB217A1 /* XCLocalSwiftPackageReference "." */ = {
			isa = XCLocalSwiftPackageReference;
			relativePath = .;
		};
/* End XCLocalSwiftPackageReference section */

/* Begin XCSwiftPackageProductDependency section */
		16A4C560E68B0CA50A3962DA /* TadaWordsApplePlatform */ = {
			isa = XCSwiftPackageProductDependency;
			productName = TadaWordsApplePlatform;
		};
		4FBEF93D54D488226E3D5BCE /* TadaWordsDomain */ = {
			isa = XCSwiftPackageProductDependency;
			productName = TadaWordsDomain;
		};
		7F52FDE6A87438A182CCFEFA /* TadaWordsContent */ = {
			isa = XCSwiftPackageProductDependency;
			productName = TadaWordsContent;
		};
		8815CF529824D7C45AE14EB4 /* TadaWordsAppShell */ = {
			isa = XCSwiftPackageProductDependency;
			productName = TadaWordsAppShell;
		};
		B2D9364AA66F50619BE5DE69 /* TadaWordsGuardianFeatures */ = {
			isa = XCSwiftPackageProductDependency;
			productName = TadaWordsGuardianFeatures;
		};
		BE11A3E6BECC4D3FF3315ABA /* TadaWordsApplePlatform */ = {
			isa = XCSwiftPackageProductDependency;
			productName = TadaWordsApplePlatform;
		};
		C50445A205350455B5F67E1B /* TadaWordsDomain */ = {
			isa = XCSwiftPackageProductDependency;
			productName = TadaWordsDomain;
		};
		D43FE3D272CB7EE374C69AA8 /* TadaWordsDomain */ = {
			isa = XCSwiftPackageProductDependency;
			productName = TadaWordsDomain;
		};
/* End XCSwiftPackageProductDependency section */
	};
	rootObject = 2B03CDCD07C11B0354BBDB13 /* Project object */;
}
